
Microsoft Visual Studio Solution File, Format Version 12.00
# Visual Studio Version 17
VisualStudioVersion = 17.4.33213.308
MinimumVisualStudioVersion = 10.0.40219.1
Project("{9A19103F-16F7-4668-BE54-9A1E7A4F7556}") = "Assignment1", "Classes and Inheritance Assignment\Assignment1.csproj", "{1EB3B8BC-995C-4B98-B588-E9B919C63A7B}"
EndProject
Global
	GlobalSection(SolutionConfigurationPlatforms) = preSolution
		Debug|Any CPU = Debug|Any CPU
		Release|Any CPU = Release|Any CPU
	EndGlobalSection
	GlobalSection(ProjectConfigurationPlatforms) = postSolution
		{1EB3B8BC-995C-4B98-B588-E9B919C63A7B}.Debug|Any CPU.ActiveCfg = Debug|Any CPU
		{1EB3B8BC-995C-4B98-B588-E9B919C63A7B}.Debug|Any CPU.Build.0 = Debug|Any CPU
		{1EB3B8BC-995C-4B98-B588-E9B919C63A7B}.Release|Any CPU.ActiveCfg = Release|Any CPU
		{1EB3B8BC-995C-4B98-B588-E9B919C63A7B}.Release|Any CPU.Build.0 = Release|Any CPU
	EndGlobalSection
	GlobalSection(SolutionProperties) = preSolution
		HideSolutionNode = FALSE
	EndGlobalSection
	GlobalSection(ExtensibilityGlobals) = postSolution
		SolutionGuid = {D0E6B10B-4C53-4BFA-A177-5E53E362E24B}
	EndGlobalSection
EndGlobal
